
Microsoft Visual Studio Solution File, Format Version 12.00
# Visual Studio Version 16
VisualStudioVersion = 16.0.29728.190
MinimumVisualStudioVersion = 10.0.40219.1
Project("{FAE04EC0-301F-11D3-BF4B-00C04F79EFBC}") = "ConPJ1", "ConPJ1.csproj", "{C0C72126-E64E-49CD-84C0-F9ADDD505108}"
EndProject
Global
	GlobalSection(SolutionConfigurationPlatforms) = preSolution
		Debug|Any CPU = Debug|Any CPU
		Release|Any CPU = Release|Any CPU
	EndGlobalSection
	GlobalSection(ProjectConfigurationPlatforms) = postSolution
		{C0C72126-E64E-49CD-84C0-F9ADDD505108}.Debug|Any CPU.ActiveCfg = Debug|Any CPU
		{C0C72126-E64E-49CD-84C0-F9ADDD505108}.Debug|Any CPU.Build.0 = Debug|Any CPU
		{C0C72126-E64E-49CD-84C0-F9ADDD505108}.Release|Any CPU.ActiveCfg = Release|Any CPU
		{C0C72126-E64E-49CD-84C0-F9ADDD505108}.Release|Any CPU.Build.0 = Release|Any CPU
	EndGlobalSection
	GlobalSection(SolutionProperties) = preSolution
		HideSolutionNode = FALSE
	EndGlobalSection
	GlobalSection(ExtensibilityGlobals) = postSolution
		SolutionGuid = {92BEB943-1DA7-4639-B86D-9A648D746F54}
	EndGlobalSection
EndGlobal
